
Microsoft Visual Studio Solution File, Format Version 12.00
# Visual Studio 2013
VisualStudioVersion = 12.0.31101.0
MinimumVisualStudioVersion = 10.0.40219.1
Project("{FAE04EC0-301F-11D3-BF4B-00C04F79EFBC}") = "XNA", "XNA\XNA\XNA.csproj", "{1F30196C-5613-4BD3-9F3F-5273EAC0AEEE}"
EndProject
Project("{96E2B04D-8817-42C6-938A-82C39BA4D311}") = "XNAContent", "XNA\XNAContent\XNAContent.contentproj", "{DF6B660D-DD4D-4647-B862-8043D332CCA5}"
EndProject
Global
	GlobalSection(SolutionConfigurationPlatforms) = preSolution
		Debug|x86 = Debug|x86
		Release|x86 = Release|x86
	EndGlobalSection
	GlobalSection(ProjectConfigurationPlatforms) = postSolution
		{1F30196C-5613-4BD3-9F3F-5273EAC0AEEE}.Debug|x86.ActiveCfg = Debug|x86
		{1F30196C-5613-4BD3-9F3F-5273EAC0AEEE}.Debug|x86.Build.0 = Debug|x86
		{1F30196C-5613-4BD3-9F3F-5273EAC0AEEE}.Release|x86.ActiveCfg = Release|x86
		{1F30196C-5613-4BD3-9F3F-5273EAC0AEEE}.Release|x86.Build.0 = Release|x86
		{DF6B660D-DD4D-4647-B862-8043D332CCA5}.Debug|x86.ActiveCfg = Debug|x86
		{DF6B660D-DD4D-4647-B862-8043D332CCA5}.Release|x86.ActiveCfg = Release|x86
	EndGlobalSection
	GlobalSection(SolutionProperties) = preSolution
		HideSolutionNode = FALSE
	EndGlobalSection
EndGlobal
